# THIS IS AN AUTOGENERATED FILE. DO NOT EDIT THIS FILE DIRECTLY.
# yarn lockfile v1


"@tanstack/query-core@5.44.0":
  version "5.44.0"
  resolved "https://registry.npmjs.org/@tanstack/query-core/-/query-core-5.44.0.tgz"
  integrity sha512-Fa1J7iEEyJnjXG1N4+Fz4OXNH/INve3XSn0Htms3X4wgRsXHxMDwqBE2XtDCts7swkwSIs4izEtaFqWVFr/eLQ==

"@tanstack/query-persist-client-core@5.44.0":
  version "5.44.0"
  resolved "https://registry.npmjs.org/@tanstack/query-persist-client-core/-/query-persist-client-core-5.44.0.tgz"
  integrity sha512-S9JvOsIWC/lXKBHBw7pHHMHdKecFEmZs7Znik5+YtukasniF7glXdGGmvFcoqweeqneAVyPX0gtoMvf1Dz71dw==
  dependencies:
    "@tanstack/query-core" "5.44.0"

"@tanstack/react-query-persist-client@^5.44.0":
  version "5.44.0"
  resolved "https://registry.npmjs.org/@tanstack/react-query-persist-client/-/react-query-persist-client-5.44.0.tgz"
  integrity sha512-ZZuPCw7qv+/tRteXMvBj1xcIAc3yfyy5bhejIOEilKLPhNa3M6T5wEZ9RSAmNgfckb4U5CQCfy8ZfiN5gXgI3A==
  dependencies:
    "@tanstack/query-persist-client-core" "5.44.0"

"@tanstack/react-query@^5.44.0":
  version "5.44.0"
  resolved "https://registry.npmjs.org/@tanstack/react-query/-/react-query-5.44.0.tgz"
  integrity sha512-zmaD6cw8P2cBOfRHhqRmwvDsAi56gqbiwG2CDR6oQOCXSDOvRagvpP6RUStn+RrfcVUrNjKsxBmrgG6Za8p5zg==
  dependencies:
    "@tanstack/query-core" "5.44.0"

"js-tokens@^3.0.0 || ^4.0.0":
  version "4.0.0"
  resolved "https://registry.npmjs.org/js-tokens/-/js-tokens-4.0.0.tgz"
  integrity sha512-RdJUflcE3cUzKiMqQgsCu06FPu9UdIJO0beYbPhHN4k6apgJtifcoCtT9bcxOpYBtpD2kCM6Sbzg4CausW/PKQ==

loose-envify@^1.1.0:
  version "1.4.0"
  resolved "https://registry.npmjs.org/loose-envify/-/loose-envify-1.4.0.tgz"
  integrity sha512-lyuxPGr/Wfhrlem2CL/UcnUc1zcqKAImBDzukY7Y5F/yQiNdko6+fRLevlw1HgMySw7f611UIY408EtxRSoK3Q==
  dependencies:
    js-tokens "^3.0.0 || ^4.0.0"

"react@^18 || ^19", react@^18.0.0:
  version "18.3.1"
  resolved "https://registry.npmjs.org/react/-/react-18.3.1.tgz"
  integrity sha512-wS+hAgJShR0KhEvPJArfuPVN1+Hz1t0Y6n5jLrGQbkb4urgPE/0Rve+1kMB1v/oWgHgm4WIcV+i7F2pTVj+2iQ==
  dependencies:
    loose-envify "^1.1.0"
